
Microsoft Visual Studio Solution File, Format Version 12.00
# Visual Studio Version 16
VisualStudioVersion = 16.0.30711.63
MinimumVisualStudioVersion = 10.0.40219.1
Project("{FAE04EC0-301F-11D3-BF4B-00C04F79EFBC}") = "CRM System", "CRM System\CRM System.csproj", "{448DD537-D818-456D-8DCD-D4ACB8263AC4}"
EndProject
Project("{FAE04EC0-301F-11D3-BF4B-00C04F79EFBC}") = "CRM.BLL", "CRM.BLL\CRM.BLL.csproj", "{AC7D1C8F-FBAD-4451-9FF5-042F94277B2F}"
EndProject
Project("{FAE04EC0-301F-11D3-BF4B-00C04F79EFBC}") = "CRM.DLL", "CRM.DLL\CRM.DLL.csproj", "{527A3EEE-461E-4EC9-BDF3-CF145EA782FD}"
EndProject
Global
	GlobalSection(SolutionConfigurationPlatforms) = preSolution
		Debug|Any CPU = Debug|Any CPU
		Release|Any CPU = Release|Any CPU
	EndGlobalSection
	GlobalSection(ProjectConfigurationPlatforms) = postSolution
		{448DD537-D818-456D-8DCD-D4ACB8263AC4}.Debug|Any CPU.ActiveCfg = Debug|Any CPU
		{448DD537-D818-456D-8DCD-D4ACB8263AC4}.Debug|Any CPU.Build.0 = Debug|Any CPU
		{448DD537-D818-456D-8DCD-D4ACB8263AC4}.Release|Any CPU.ActiveCfg = Release|Any CPU
		{448DD537-D818-456D-8DCD-D4ACB8263AC4}.Release|Any CPU.Build.0 = Release|Any CPU
		{AC7D1C8F-FBAD-4451-9FF5-042F94277B2F}.Debug|Any CPU.ActiveCfg = Debug|Any CPU
		{AC7D1C8F-FBAD-4451-9FF5-042F94277B2F}.Debug|Any CPU.Build.0 = Debug|Any CPU
		{AC7D1C8F-FBAD-4451-9FF5-042F94277B2F}.Release|Any CPU.ActiveCfg = Release|Any CPU
		{AC7D1C8F-FBAD-4451-9FF5-042F94277B2F}.Release|Any CPU.Build.0 = Release|Any CPU
		{527A3EEE-461E-4EC9-BDF3-CF145EA782FD}.Debug|Any CPU.ActiveCfg = Debug|Any CPU
		{527A3EEE-461E-4EC9-BDF3-CF145EA782FD}.Debug|Any CPU.Build.0 = Debug|Any CPU
		{527A3EEE-461E-4EC9-BDF3-CF145EA782FD}.Release|Any CPU.ActiveCfg = Release|Any CPU
		{527A3EEE-461E-4EC9-BDF3-CF145EA782FD}.Release|Any CPU.Build.0 = Release|Any CPU
	EndGlobalSection
	GlobalSection(SolutionProperties) = preSolution
		HideSolutionNode = FALSE
	EndGlobalSection
	GlobalSection(ExtensibilityGlobals) = postSolution
		SolutionGuid = {89FB2F8F-E98C-43AB-A67D-CD8F30BE6326}
	EndGlobalSection
EndGlobal
